
Microsoft Visual Studio Solution File, Format Version 12.00
# Visual Studio Version 16
VisualStudioVersion = 16.0.31205.134
MinimumVisualStudioVersion = 10.0.40219.1
Project("{9A19103F-16F7-4668-BE54-9A1E7A4F7556}") = "BET.Web", "BET.TestSolution\BET.Web.csproj", "{AE0BEC0F-E947-4A50-99A9-1B30F533FF17}"
EndProject
Project("{FAE04EC0-301F-11D3-BF4B-00C04F79EFBC}") = "BET.Repositories", "BET.Repositories\BET.Repositories.csproj", "{48FB4C11-F648-42CF-83E2-5F340F90DD59}"
EndProject
Project("{FAE04EC0-301F-11D3-BF4B-00C04F79EFBC}") = "BET.Infrastructure", "BET.Infrastructure\BET.Infrastructure.csproj", "{1CB6DCB0-A838-4A70-8413-7CAAB4119B81}"
EndProject
Project("{9A19103F-16F7-4668-BE54-9A1E7A4F7556}") = "BET.Web.Api", "BET.Web.Api\BET.Web.Api.csproj", "{58834DEB-7F01-4DF7-8D7D-6323352010F8}"
EndProject
Project("{FAE04EC0-301F-11D3-BF4B-00C04F79EFBC}") = "BET.Services", "BET.Services\BET.Services.csproj", "{90A1FEC1-8BA7-42AE-BB9F-776B41829568}"
EndProject
Project("{FAE04EC0-301F-11D3-BF4B-00C04F79EFBC}") = "BET.Repositories.Tests", "BET.Repositories.Tests\BET.Repositories.Tests.csproj", "{B2427C01-C978-41A2-9AD8-CF34FCDF65DA}"
EndProject
Global
	GlobalSection(SolutionConfigurationPlatforms) = preSolution
		Debug|Any CPU = Debug|Any CPU
		Release|Any CPU = Release|Any CPU
	EndGlobalSection
	GlobalSection(ProjectConfigurationPlatforms) = postSolution
		{AE0BEC0F-E947-4A50-99A9-1B30F533FF17}.Debug|Any CPU.ActiveCfg = Debug|Any CPU
		{AE0BEC0F-E947-4A50-99A9-1B30F533FF17}.Debug|Any CPU.Build.0 = Debug|Any CPU
		{AE0BEC0F-E947-4A50-99A9-1B30F533FF17}.Release|Any CPU.ActiveCfg = Release|Any CPU
		{AE0BEC0F-E947-4A50-99A9-1B30F533FF17}.Release|Any CPU.Build.0 = Release|Any CPU
		{48FB4C11-F648-42CF-83E2-5F340F90DD59}.Debug|Any CPU.ActiveCfg = Debug|Any CPU
		{48FB4C11-F648-42CF-83E2-5F340F90DD59}.Debug|Any CPU.Build.0 = Debug|Any CPU
		{48FB4C11-F648-42CF-83E2-5F340F90DD59}.Release|Any CPU.ActiveCfg = Release|Any CPU
		{48FB4C11-F648-42CF-83E2-5F340F90DD59}.Release|Any CPU.Build.0 = Release|Any CPU
		{1CB6DCB0-A838-4A70-8413-7CAAB4119B81}.Debug|Any CPU.ActiveCfg = Debug|Any CPU
		{1CB6DCB0-A838-4A70-8413-7CAAB4119B81}.Debug|Any CPU.Build.0 = Debug|Any CPU
		{1CB6DCB0-A838-4A70-8413-7CAAB4119B81}.Release|Any CPU.ActiveCfg = Release|Any CPU
		{1CB6DCB0-A838-4A70-8413-7CAAB4119B81}.Release|Any CPU.Build.0 = Release|Any CPU
		{58834DEB-7F01-4DF7-8D7D-6323352010F8}.Debug|Any CPU.ActiveCfg = Debug|Any CPU
		{58834DEB-7F01-4DF7-8D7D-6323352010F8}.Debug|Any CPU.Build.0 = Debug|Any CPU
		{58834DEB-7F01-4DF7-8D7D-6323352010F8}.Release|Any CPU.ActiveCfg = Release|Any CPU
		{58834DEB-7F01-4DF7-8D7D-6323352010F8}.Release|Any CPU.Build.0 = Release|Any CPU
		{90A1FEC1-8BA7-42AE-BB9F-776B41829568}.Debug|Any CPU.ActiveCfg = Debug|Any CPU
		{90A1FEC1-8BA7-42AE-BB9F-776B41829568}.Debug|Any CPU.Build.0 = Debug|Any CPU
		{90A1FEC1-8BA7-42AE-BB9F-776B41829568}.Release|Any CPU.ActiveCfg = Release|Any CPU
		{90A1FEC1-8BA7-42AE-BB9F-776B41829568}.Release|Any CPU.Build.0 = Release|Any CPU
		{B2427C01-C978-41A2-9AD8-CF34FCDF65DA}.Debug|Any CPU.ActiveCfg = Debug|Any CPU
		{B2427C01-C978-41A2-9AD8-CF34FCDF65DA}.Debug|Any CPU.Build.0 = Debug|Any CPU
		{B2427C01-C978-41A2-9AD8-CF34FCDF65DA}.Release|Any CPU.ActiveCfg = Release|Any CPU
		{B2427C01-C978-41A2-9AD8-CF34FCDF65DA}.Release|Any CPU.Build.0 = Release|Any CPU
	EndGlobalSection
	GlobalSection(SolutionProperties) = preSolution
		HideSolutionNode = FALSE
	EndGlobalSection
	GlobalSection(ExtensibilityGlobals) = postSolution
		SolutionGuid = {8A1A04DD-9C67-4F25-9067-76D3E1136494}
	EndGlobalSection
EndGlobal
